// !$*UTF8*$!
{
	archiveVersion = 1;
	classes = {
	};
	objectVersion = 56;
	objects = {

/* Begin PBXBuildFile section */
		0B94E7C72D6F20E5008C7EB9 /* CreateListVC.swift in Sources */ = {isa = PBXBuildFile; fileRef = 0B94E7C62D6F20E5008C7EB9 /* CreateListVC.swift */; };
		0BE3D20D2D6F13B5001FB158 /* CustCellStudentInfo.swift in Sources */ = {isa = PBXBuildFile; fileRef = 0BE3D20B2D6F13B5001FB158 /* CustCellStudentInfo.swift */; };
		0BE3D20E2D6F13B5001FB158 /* CustCellStudentInfo.xib in Resources */ = {isa = PBXBuildFile; fileRef = 0BE3D20C2D6F13B5001FB158 /* CustCellStudentInfo.xib */; };
		0BE3D2102D6F141D001FB158 /* StudentListVC.swift in Sources */ = {isa = PBXBuildFile; fileRef = 0BE3D20F2D6F141D001FB158 /* StudentListVC.swift */; };
		0BE3D2132D6F1C1E001FB158 /* MarvelVC.swift in Sources */ = {isa = PBXBuildFile; fileRef = 0BE3D2122D6F1C1E001FB158 /* MarvelVC.swift */; };
		0BE3D2162D6F1C43001FB158 /* MarvelCellInfo.swift in Sources */ = {isa = PBXBuildFile; fileRef = 0BE3D2142D6F1C43001FB158 /* MarvelCellInfo.swift */; };
		0BE3D2172D6F1C43001FB158 /* MarvelCellInfo.xib in Resources */ = {isa = PBXBuildFile; fileRef = 0BE3D2152D6F1C43001FB158 /* MarvelCellInfo.xib */; };
		0BE977C62D6DBFD600C7F505 /* AppDelegate.swift in Sources */ = {isa = PBXBuildFile; fileRef = 0BE977C52D6DBFD600C7F505 /* AppDelegate.swift */; };
		0BE977C82D6DBFD600C7F505 /* SceneDelegate.swift in Sources */ = {isa = PBXBuildFile; fileRef = 0BE977C72D6DBFD600C7F505 /* SceneDelegate.swift */; };
		0BE977CA2D6DBFD600C7F505 /* ViewController.swift in Sources */ = {isa = PBXBuildFile; fileRef = 0BE977C92D6DBFD600C7F505 /* ViewController.swift */; };
		0BE977CD2D6DBFD600C7F505 /* Main.storyboard in Resources */ = {isa = PBXBuildFile; fileRef = 0BE977CB2D6DBFD600C7F505 /* Main.storyboard */; };
		0BE977CF2D6DBFDA00C7F505 /* Assets.xcassets in Resources */ = {isa = PBXBuildFile; fileRef = 0BE977CE2D6DBFDA00C7F505 /* Assets.xcassets */; };
		0BE977D22D6DBFDA00C7F505 /* LaunchScreen.storyboard in Resources */ = {isa = PBXBuildFile; fileRef = 0BE977D02D6DBFDA00C7F505 /* LaunchScreen.storyboard */; };
		0BE977DB2D6DC01D00C7F505 /* FruitListVC.swift in Sources */ = {isa = PBXBuildFile; fileRef = 0BE977DA2D6DC01D00C7F505 /* FruitListVC.swift */; };
		0BE977DD2D6DC03600C7F505 /* WelcomeVC.swift in Sources */ = {isa = PBXBuildFile; fileRef = 0BE977DC2D6DC03600C7F505 /* WelcomeVC.swift */; };
		0BE977E22D6DC55E00C7F505 /* CustCellFruitInfoTableViewCell.swift in Sources */ = {isa = PBXBuildFile; fileRef = 0BE977E02D6DC55E00C7F505 /* CustCellFruitInfoTableViewCell.swift */; };
		0BE977E32D6DC55E00C7F505 /* CustCellFruitInfoTableViewCell.xib in Resources */ = {isa = PBXBuildFile; fileRef = 0BE977E12D6DC55E00C7F505 /* CustCellFruitInfoTableViewCell.xib */; };
/* End PBXBuildFile section */

/* Begin PBXFileReference section */
		0B94E7C62D6F20E5008C7EB9 /* CreateListVC.swift */ = {isa = PBXFileReference; lastKnownFileType = sourcecode.swift; path = CreateListVC.swift; sourceTree = "<group>"; };
		0BE3D20B2D6F13B5001FB158 /* CustCellStudentInfo.swift */ = {isa = PBXFileReference; fileEncoding = 4; lastKnownFileType = sourcecode.swift; path = CustCellStudentInfo.swift; sourceTree = "<group>"; };
		0BE3D20C2D6F13B5001FB158 /* CustCellStudentInfo.xib */ = {isa = PBXFileReference; fileEncoding = 4; lastKnownFileType = file.xib; path = CustCellStudentInfo.xib; sourceTree = "<group>"; };
		0BE3D20F2D6F141D001FB158 /* StudentListVC.swift */ = {isa = PBXFileReference; fileEncoding = 4; lastKnownFileType = sourcecode.swift; path = StudentListVC.swift; sourceTree = "<group>"; };
		0BE3D2122D6F1C1E001FB158 /* MarvelVC.swift */ = {isa = PBXFileReference; lastKnownFileType = sourcecode.swift; path = MarvelVC.swift; sourceTree = "<group>"; };
		0BE3D2142D6F1C43001FB158 /* MarvelCellInfo.swift */ = {isa = PBXFileReference; lastKnownFileType = sourcecode.swift; path = MarvelCellInfo.swift; sourceTree = "<group>"; };
		0BE3D2152D6F1C43001FB158 /* MarvelCellInfo.xib */ = {isa = PBXFileReference; lastKnownFileType = file.xib; path = MarvelCellInfo.xib; sourceTree = "<group>"; };
		0BE977C22D6DBFD600C7F505 /* ListingDemo.app */ = {isa = PBXFileReference; explicitFileType = wrapper.application; includeInIndex = 0; path = ListingDemo.app; sourceTree = BUILT_PRODUCTS_DIR; };
		0BE977C52D6DBFD600C7F505 /* AppDelegate.swift */ = {isa = PBXFileReference; lastKnownFileType = sourcecode.swift; path = AppDelegate.swift; sourceTree = "<group>"; };
		0BE977C72D6DBFD600C7F505 /* SceneDelegate.swift */ = {isa = PBXFileReference; lastKnownFileType = sourcecode.swift; path = SceneDelegate.swift; sourceTree = "<group>"; };
		0BE977C92D6DBFD600C7F505 /* ViewController.swift */ = {isa = PBXFileReference; lastKnownFileType = sourcecode.swift; path = ViewController.swift; sourceTree = "<group>"; };
		0BE977CC2D6DBFD600C7F505 /* Base */ = {isa = PBXFileReference; lastKnownFileType = file.storyboard; name = Base; path = Base.lproj/Main.storyboard; sourceTree = "<group>"; };
		0BE977CE2D6DBFDA00C7F505 /* Assets.xcassets */ = {isa = PBXFileReference; lastKnownFileType = folder.assetcatalog; path = Assets.xcassets; sourceTree = "<group>"; };
		0BE977D12D6DBFDA00C7F505 /* Base */ = {isa = PBXFileReference; lastKnownFileType = file.storyboard; name = Base; path = Base.lproj/LaunchScreen.storyboard; sourceTree = "<group>"; };
		0BE977D32D6DBFDA00C7F505 /* Info.plist */ = {isa = PBXFileReference; lastKnownFileType = text.plist.xml; path = Info.plist; sourceTree = "<group>"; };
		0BE977DA2D6DC01D00C7F505 /* FruitListVC.swift */ = {isa = PBXFileReference; lastKnownFileType = sourcecode.swift; path = FruitListVC.swift; sourceTree = "<group>"; };
		0BE977DC2D6DC03600C7F505 /* WelcomeVC.swift */ = {isa = PBXFileReference; lastKnownFileType = sourcecode.swift; path = WelcomeVC.swift; sourceTree = "<group>"; };
		0BE977E02D6DC55E00C7F505 /* CustCellFruitInfoTableViewCell.swift */ = {isa = PBXFileReference; lastKnownFileType = sourcecode.swift; path = CustCellFruitInfoTableViewCell.swift; sourceTree = "<group>"; };
		0BE977E12D6DC55E00C7F505 /* CustCellFruitInfoTableViewCell.xib */ = {isa = PBXFileReference; lastKnownFileType = file.xib; path = CustCellFruitInfoTableViewCell.xib; sourceTree = "<group>"; };
/* End PBXFileReference section */

/* Begin PBXFrameworksBuildPhase section */
		0BE977BF2D6DBFD600C7F505 /* Frameworks */ = {
			isa = PBXFrameworksBuildPhase;
			buildActionMask = 2147483647;
			files = (
			);
			runOnlyForDeploymentPostprocessing = 0;
		};
/* End PBXFrameworksBuildPhase section */

/* Begin PBXGroup section */
		0B94E7C82D6F20F6008C7EB9 /* CreateListVC */ = {
			isa = PBXGroup;
			children = (
				0B94E7C62D6F20E5008C7EB9 /* CreateListVC.swift */,
			);
			path = CreateListVC;
			sourceTree = "<group>";
		};
		0BE3D2092D6F137B001FB158 /* StudentList */ = {
			isa = PBXGroup;
			children = (
				0BE3D20A2D6F138A001FB158 /* CustomCellStudentListInfo */,
			);
			path = StudentList;
			sourceTree = "<group>";
		};
		0BE3D20A2D6F138A001FB158 /* CustomCellStudentListInfo */ = {
			isa = PBXGroup;
			children = (
				0BE3D20B2D6F13B5001FB158 /* CustCellStudentInfo.swift */,
				0BE3D20C2D6F13B5001FB158 /* CustCellStudentInfo.xib */,
				0BE3D20F2D6F141D001FB158 /* StudentListVC.swift */,
			);
			path = CustomCellStudentListInfo;
			sourceTree = "<group>";
		};
		0BE3D2112D6F1BDB001FB158 /* Marvel */ = {
			isa = PBXGroup;
			children = (
				0BE3D2122D6F1C1E001FB158 /* MarvelVC.swift */,
				0BE3D2142D6F1C43001FB158 /* MarvelCellInfo.swift */,
				0BE3D2152D6F1C43001FB158 /* MarvelCellInfo.xib */,
			);
			path = Marvel;
			sourceTree = "<group>";
		};
		0BE977B92D6DBFD600C7F505 = {
			isa = PBXGroup;
			children = (
				0BE977C42D6DBFD600C7F505 /* ListingDemo */,
				0BE977C32D6DBFD600C7F505 /* Products */,
			);
			sourceTree = "<group>";
		};
		0BE977C32D6DBFD600C7F505 /* Products */ = {
			isa = PBXGroup;
			children = (
				0BE977C22D6DBFD600C7F505 /* ListingDemo.app */,
			);
			name = Products;
			sourceTree = "<group>";
		};
		0BE977C42D6DBFD600C7F505 /* ListingDemo */ = {
			isa = PBXGroup;
			children = (
				0BE977D92D6DBFE500C7F505 /* ViewController */,
				0BE977C52D6DBFD600C7F505 /* AppDelegate.swift */,
				0BE977C72D6DBFD600C7F505 /* SceneDelegate.swift */,
				0BE977C92D6DBFD600C7F505 /* ViewController.swift */,
				0BE977CB2D6DBFD600C7F505 /* Main.storyboard */,
				0BE977CE2D6DBFDA00C7F505 /* Assets.xcassets */,
				0BE977D02D6DBFDA00C7F505 /* LaunchScreen.storyboard */,
				0BE977D32D6DBFDA00C7F505 /* Info.plist */,
			);
			path = ListingDemo;
			sourceTree = "<group>";
		};
		0BE977D92D6DBFE500C7F505 /* ViewController */ = {
			isa = PBXGroup;
			children = (
				0B94E7C82D6F20F6008C7EB9 /* CreateListVC */,
				0BE3D2112D6F1BDB001FB158 /* Marvel */,
				0BE3D2092D6F137B001FB158 /* StudentList */,
				0BE977DE2D6DC06800C7F505 /* FruitList */,
				0BE977DC2D6DC03600C7F505 /* WelcomeVC.swift */,
			);
			path = ViewController;
			sourceTree = "<group>";
		};
		0BE977DE2D6DC06800C7F505 /* FruitList */ = {
			isa = PBXGroup;
			children = (
				0BE977DF2D6DC4F700C7F505 /* CustomCellFruitList */,
				0BE977DA2D6DC01D00C7F505 /* FruitListVC.swift */,
			);
			path = FruitList;
			sourceTree = "<group>";
		};
		0BE977DF2D6DC4F700C7F505 /* CustomCellFruitList */ = {
			isa = PBXGroup;
			children = (
				0BE977E02D6DC55E00C7F505 /* CustCellFruitInfoTableViewCell.swift */,
				0BE977E12D6DC55E00C7F505 /* CustCellFruitInfoTableViewCell.xib */,
			);
			path = CustomCellFruitList;
			sourceTree = "<group>";
		};
/* End PBXGroup section */

/* Begin PBXNativeTarget section */
		0BE977C12D6DBFD600C7F505 /* ListingDemo */ = {
			isa = PBXNativeTarget;
			buildConfigurationList = 0BE977D62D6DBFDA00C7F505 /* Build configuration list for PBXNativeTarget "ListingDemo" */;
			buildPhases = (
				0BE977BE2D6DBFD600C7F505 /* Sources */,
				0BE977BF2D6DBFD600C7F505 /* Frameworks */,
				0BE977C02D6DBFD600C7F505 /* Resources */,
			);
			buildRules = (
			);
			dependencies = (
			);
			name = ListingDemo;
			productName = ListingDemo;
			productReference = 0BE977C22D6DBFD600C7F505 /* ListingDemo.app */;
			productType = "com.apple.product-type.application";
		};
/* End PBXNativeTarget section */

/* Begin PBXProject section */
		0BE977BA2D6DBFD600C7F505 /* Project object */ = {
			isa = PBXProject;
			attributes = {
				BuildIndependentTargetsInParallel = 1;
				LastSwiftUpdateCheck = 1420;
				LastUpgradeCheck = 1420;
				TargetAttributes = {
					0BE977C12D6DBFD600C7F505 = {
						CreatedOnToolsVersion = 14.2;
					};
				};
			};
			buildConfigurationList = 0BE977BD2D6DBFD600C7F505 /* Build configuration list for PBXProject "ListingDemo" */;
			compatibilityVersion = "Xcode 14.0";
			developmentRegion = en;
			hasScannedForEncodings = 0;
			knownRegions = (
				en,
				Base,
			);
			mainGroup = 0BE977B92D6DBFD600C7F505;
			productRefGroup = 0BE977C32D6DBFD600C7F505 /* Products */;
			projectDirPath = "";
			projectRoot = "";
			targets = (
				0BE977C12D6DBFD600C7F505 /* ListingDemo */,
			);
		};
/* End PBXProject section */

/* Begin PBXResourcesBuildPhase section */
		0BE977C02D6DBFD600C7F505 /* Resources */ = {
			isa = PBXResourcesBuildPhase;
			buildActionMask = 2147483647;
			files = (
				0BE977D22D6DBFDA00C7F505 /* LaunchScreen.storyboard in Resources */,
				0BE977CF2D6DBFDA00C7F505 /* Assets.xcassets in Resources */,
				0BE3D2172D6F1C43001FB158 /* MarvelCellInfo.xib in Resources */,
				0BE977CD2D6DBFD600C7F505 /* Main.storyboard in Resources */,
				0BE977E32D6DC55E00C7F505 /* CustCellFruitInfoTableViewCell.xib in Resources */,
				0BE3D20E2D6F13B5001FB158 /* CustCellStudentInfo.xib in Resources */,
			);
			runOnlyForDeploymentPostprocessing = 0;
		};
/* End PBXResourcesBuildPhase section */

/* Begin PBXSourcesBuildPhase section */
		0BE977BE2D6DBFD600C7F505 /* Sources */ = {
			isa = PBXSourcesBuildPhase;
			buildActionMask = 2147483647;
			files = (
				0B94E7C72D6F20E5008C7EB9 /* CreateListVC.swift in Sources */,
				0BE3D2132D6F1C1E001FB158 /* MarvelVC.swift in Sources */,
				0BE977CA2D6DBFD600C7F505 /* ViewController.swift in Sources */,
				0BE3D2162D6F1C43001FB158 /* MarvelCellInfo.swift in Sources */,
				0BE977DD2D6DC03600C7F505 /* WelcomeVC.swift in Sources */,
				0BE3D2102D6F141D001FB158 /* StudentListVC.swift in Sources */,
				0BE3D20D2D6F13B5001FB158 /* CustCellStudentInfo.swift in Sources */,
				0BE977C62D6DBFD600C7F505 /* AppDelegate.swift in Sources */,
				0BE977E22D6DC55E00C7F505 /* CustCellFruitInfoTableViewCell.swift in Sources */,
				0BE977C82D6DBFD600C7F505 /* SceneDelegate.swift in Sources */,
				0BE977DB2D6DC01D00C7F505 /* FruitListVC.swift in Sources */,
			);
			runOnlyForDeploymentPostprocessing = 0;
		};
/* End PBXSourcesBuildPhase section */

/* Begin PBXVariantGroup section */
		0BE977CB2D6DBFD600C7F505 /* Main.storyboard */ = {
			isa = PBXVariantGroup;
			children = (
				0BE977CC2D6DBFD600C7F505 /* Base */,
			);
			name = Main.storyboard;
			sourceTree = "<group>";
		};
		0BE977D02D6DBFDA00C7F505 /* LaunchScreen.storyboard */ = {
			isa = PBXVariantGroup;
			children = (
				0BE977D12D6DBFDA00C7F505 /* Base */,
			);
			name = LaunchScreen.storyboard;
			sourceTree = "<group>";
		};
/* End PBXVariantGroup section */

/* Begin XCBuildConfiguration section */
		0BE977D42D6DBFDA00C7F505 /* Debug */ = {
			isa = XCBuildConfiguration;
			buildSettings = {
				ALWAYS_SEARCH_USER_PATHS = NO;
				CLANG_ANALYZER_NONNULL = YES;
				CLANG_ANALYZER_NUMBER_OBJECT_CONVERSION = YES_AGGRESSIVE;
				CLANG_CXX_LANGUAGE_STANDARD = "gnu++20";
				CLANG_ENABLE_MODULES = YES;
				CLANG_ENABLE_OBJC_ARC = YES;
				CLANG_ENABLE_OBJC_WEAK = YES;
				CLANG_WARN_BLOCK_CAPTURE_AUTORELEASING = YES;
				CLANG_WARN_BOOL_CONVERSION = YES;
				CLANG_WARN_COMMA = YES;
				CLANG_WARN_CONSTANT_CONVERSION = YES;
				CLANG_WARN_DEPRECATED_OBJC_IMPLEMENTATIONS = YES;
				CLANG_WARN_DIRECT_OBJC_ISA_USAGE = YES_ERROR;
				CLANG_WARN_DOCUMENTATION_COMMENTS = YES;
				CLANG_WARN_EMPTY_BODY = YES;
				CLANG_WARN_ENUM_CONVERSION = YES;
				CLANG_WARN_INFINITE_RECURSION = YES;
				CLANG_WARN_INT_CONVERSION = YES;
				CLANG_WARN_NON_LITERAL_NULL_CONVERSION = YES;
				CLANG_WARN_OBJC_IMPLICIT_RETAIN_SELF = YES;
				CLANG_WARN_OBJC_LITERAL_CONVERSION = YES;
				CLANG_WARN_OBJC_ROOT_CLASS = YES_ERROR;
				CLANG_WARN_QUOTED_INCLUDE_IN_FRAMEWORK_HEADER = YES;
				CLANG_WARN_RANGE_LOOP_ANALYSIS = YES;
				CLANG_WARN_STRICT_PROTOTYPES = YES;
				CLANG_WARN_SUSPICIOUS_MOVE = YES;
				CLANG_WARN_UNGUARDED_AVAILABILITY = YES_AGGRESSIVE;
				CLANG_WARN_UNREACHABLE_CODE = YES;
				CLANG_WARN__DUPLICATE_METHOD_MATCH = YES;
				COPY_PHASE_STRIP = NO;
				DEBUG_INFORMATION_FORMAT = dwarf;
				ENABLE_STRICT_OBJC_MSGSEND = YES;
				ENABLE_TESTABILITY = YES;
				GCC_C_LANGUAGE_STANDARD = gnu11;
				GCC_DYNAMIC_NO_PIC = NO;
				GCC_NO_COMMON_BLOCKS = YES;
				GCC_OPTIMIZATION_LEVEL = 0;
				GCC_PREPROCESSOR_DEFINITIONS = (
					"DEBUG=1",
					"$(inherited)",
				);
				GCC_WARN_64_TO_32_BIT_CONVERSION = YES;
				GCC_WARN_ABOUT_RETURN_TYPE = YES_ERROR;
				GCC_WARN_UNDECLARED_SELECTOR = YES;
				GCC_WARN_UNINITIALIZED_AUTOS = YES_AGGRESSIVE;
				GCC_WARN_UNUSED_FUNCTION = YES;
				GCC_WARN_UNUSED_VARIABLE = YES;
				IPHONEOS_DEPLOYMENT_TARGET = 16.2;
				MTL_ENABLE_DEBUG_INFO = INCLUDE_SOURCE;
				MTL_FAST_MATH = YES;
				ONLY_ACTIVE_ARCH = YES;
				SDKROOT = iphoneos;
				SWIFT_ACTIVE_COMPILATION_CONDITIONS = DEBUG;
				SWIFT_OPTIMIZATION_LEVEL = "-Onone";
			};
			name = Debug;
		};
		0BE977D52D6DBFDA00C7F505 /* Release */ = {
			isa = XCBuildConfiguration;
			buildSettings = {
				ALWAYS_SEARCH_USER_PATHS = NO;
				CLANG_ANALYZER_NONNULL = YES;
				CLANG_ANALYZER_NUMBER_OBJECT_CONVERSION = YES_AGGRESSIVE;
				CLANG_CXX_LANGUAGE_STANDARD = "gnu++20";
				CLANG_ENABLE_MODULES = YES;
				CLANG_ENABLE_OBJC_ARC = YES;
				CLANG_ENABLE_OBJC_WEAK = YES;
				CLANG_WARN_BLOCK_CAPTURE_AUTORELEASING = YES;
				CLANG_WARN_BOOL_CONVERSION = YES;
				CLANG_WARN_COMMA = YES;
				CLANG_WARN_CONSTANT_CONVERSION = YES;
				CLANG_WARN_DEPRECATED_OBJC_IMPLEMENTATIONS = YES;
				CLANG_WARN_DIRECT_OBJC_ISA_USAGE = YES_ERROR;
				CLANG_WARN_DOCUMENTATION_COMMENTS = YES;
				CLANG_WARN_EMPTY_BODY = YES;
				CLANG_WARN_ENUM_CONVERSION = YES;
				CLANG_WARN_INFINITE_RECURSION = YES;
				CLANG_WARN_INT_CONVERSION = YES;
				CLANG_WARN_NON_LITERAL_NULL_CONVERSION = YES;
				CLANG_WARN_OBJC_IMPLICIT_RETAIN_SELF = YES;
				CLANG_WARN_OBJC_LITERAL_CONVERSION = YES;
				CLANG_WARN_OBJC_ROOT_CLASS = YES_ERROR;
				CLANG_WARN_QUOTED_INCLUDE_IN_FRAMEWORK_HEADER = YES;
				CLANG_WARN_RANGE_LOOP_ANALYSIS = YES;
				CLANG_WARN_STRICT_PROTOTYPES = YES;
				CLANG_WARN_SUSPICIOUS_MOVE = YES;
				CLANG_WARN_UNGUARDED_AVAILABILITY = YES_AGGRESSIVE;
				CLANG_WARN_UNREACHABLE_CODE = YES;
				CLANG_WARN__DUPLICATE_METHOD_MATCH = YES;
				COPY_PHASE_STRIP = NO;
				DEBUG_INFORMATION_FORMAT = "dwarf-with-dsym";
				ENABLE_NS_ASSERTIONS = NO;
				ENABLE_STRICT_OBJC_MSGSEND = YES;
				GCC_C_LANGUAGE_STANDARD = gnu11;
				GCC_NO_COMMON_BLOCKS = YES;
				GCC_WARN_64_TO_32_BIT_CONVERSION = YES;
				GCC_WARN_ABOUT_RETURN_TYPE = YES_ERROR;
				GCC_WARN_UNDECLARED_SELECTOR = YES;
				GCC_WARN_UNINITIALIZED_AUTOS = YES_AGGRESSIVE;
				GCC_WARN_UNUSED_FUNCTION = YES;
				GCC_WARN_UNUSED_VARIABLE = YES;
				IPHONEOS_DEPLOYMENT_TARGET = 16.2;
				MTL_ENABLE_DEBUG_INFO = NO;
				MTL_FAST_MATH = YES;
				SDKROOT = iphoneos;
				SWIFT_COMPILATION_MODE = wholemodule;
				SWIFT_OPTIMIZATION_LEVEL = "-O";
				VALIDATE_PRODUCT = YES;
			};
			name = Release;
		};
		0BE977D72D6DBFDA00C7F505 /* Debug */ = {
			isa = XCBuildConfiguration;
			buildSettings = {
				ASSETCATALOG_COMPILER_APPICON_NAME = AppIcon;
				ASSETCATALOG_COMPILER_GLOBAL_ACCENT_COLOR_NAME = AccentColor;
				CODE_SIGN_STYLE = Automatic;
				CURRENT_PROJECT_VERSION = 1;
				GENERATE_INFOPLIST_FILE = YES;
				INFOPLIST_FILE = ListingDemo/Info.plist;
				INFOPLIST_KEY_UIApplicationSupportsIndirectInputEvents = YES;
				INFOPLIST_KEY_UILaunchStoryboardName = LaunchScreen;
				INFOPLIST_KEY_UIMainStoryboardFile = Main;
				INFOPLIST_KEY_UISupportedInterfaceOrientations_iPad = "UIInterfaceOrientationPortrait UIInterfaceOrientationPortraitUpsideDown UIInterfaceOrientationLandscapeLeft UIInterfaceOrientationLandscapeRight";
				INFOPLIST_KEY_UISupportedInterfaceOrientations_iPhone = "UIInterfaceOrientationPortrait UIInterfaceOrientationLandscapeLeft UIInterfaceOrientationLandscapeRight";
				LD_RUNPATH_SEARCH_PATHS = (
					"$(inherited)",
					"@executable_path/Frameworks",
				);
				MARKETING_VERSION = 1.0;
				PRODUCT_BUNDLE_IDENTIFIER = IPH.ListingDemo;
				PRODUCT_NAME = "$(TARGET_NAME)";
				SWIFT_EMIT_LOC_STRINGS = YES;
				SWIFT_VERSION = 5.0;
				TARGETED_DEVICE_FAMILY = "1,2";
			};
			name = Debug;
		};
		0BE977D82D6DBFDA00C7F505 /* Release */ = {
			isa = XCBuildConfiguration;
			buildSettings = {
				ASSETCATALOG_COMPILER_APPICON_NAME = AppIcon;
				ASSETCATALOG_COMPILER_GLOBAL_ACCENT_COLOR_NAME = AccentColor;
				CODE_SIGN_STYLE = Automatic;
				CURRENT_PROJECT_VERSION = 1;
				GENERATE_INFOPLIST_FILE = YES;
				INFOPLIST_FILE = ListingDemo/Info.plist;
				INFOPLIST_KEY_UIApplicationSupportsIndirectInputEvents = YES;
				INFOPLIST_KEY_UILaunchStoryboardName = LaunchScreen;
				INFOPLIST_KEY_UIMainStoryboardFile = Main;
				INFOPLIST_KEY_UISupportedInterfaceOrientations_iPad = "UIInterfaceOrientationPortrait UIInterfaceOrientationPortraitUpsideDown UIInterfaceOrientationLandscapeLeft UIInterfaceOrientationLandscapeRight";
				INFOPLIST_KEY_UISupportedInterfaceOrientations_iPhone = "UIInterfaceOrientationPortrait UIInterfaceOrientationLandscapeLeft UIInterfaceOrientationLandscapeRight";
				LD_RUNPATH_SEARCH_PATHS = (
					"$(inherited)",
					"@executable_path/Frameworks",
				);
				MARKETING_VERSION = 1.0;
				PRODUCT_BUNDLE_IDENTIFIER = IPH.ListingDemo;
				PRODUCT_NAME = "$(TARGET_NAME)";
				SWIFT_EMIT_LOC_STRINGS = YES;
				SWIFT_VERSION = 5.0;
				TARGETED_DEVICE_FAMILY = "1,2";
			};
			name = Release;
		};
/* End XCBuildConfiguration section */

/* Begin XCConfigurationList section */
		0BE977BD2D6DBFD600C7F505 /* Build configuration list for PBXProject "ListingDemo" */ = {
			isa = XCConfigurationList;
			buildConfigurations = (
				0BE977D42D6DBFDA00C7F505 /* Debug */,
				0BE977D52D6DBFDA00C7F505 /* Release */,
			);
			defaultConfigurationIsVisible = 0;
			defaultConfigurationName = Release;
		};
		0BE977D62D6DBFDA00C7F505 /* Build configuration list for PBXNativeTarget "ListingDemo" */ = {
			isa = XCConfigurationList;
			buildConfigurations = (
				0BE977D72D6DBFDA00C7F505 /* Debug */,
				0BE977D82D6DBFDA00C7F505 /* Release */,
			);
			defaultConfigurationIsVisible = 0;
			defaultConfigurationName = Release;
		};
/* End XCConfigurationList section */
	};
	rootObject = 0BE977BA2D6DBFD600C7F505 /* Project object */;
}
