// !$*UTF8*$!
{
	archiveVersion = 1;
	classes = {
	};
	objectVersion = 56;
	objects = {

/* Begin PBXBuildFile section */
		0B58C6692D82B6B10098C4AA /* AppDelegate.swift in Sources */ = {isa = PBXBuildFile; fileRef = 0B58C6682D82B6B10098C4AA /* AppDelegate.swift */; };
		0B58C66B2D82B6B10098C4AA /* SceneDelegate.swift in Sources */ = {isa = PBXBuildFile; fileRef = 0B58C66A2D82B6B10098C4AA /* SceneDelegate.swift */; };
		0B58C66D2D82B6B10098C4AA /* ViewController.swift in Sources */ = {isa = PBXBuildFile; fileRef = 0B58C66C2D82B6B10098C4AA /* ViewController.swift */; };
		0B58C6702D82B6B10098C4AA /* Main.storyboard in Resources */ = {isa = PBXBuildFile; fileRef = 0B58C66E2D82B6B10098C4AA /* Main.storyboard */; };
		0B58C6732D82B6B10098C4AA /* Api_Testing_Prj.xcdatamodeld in Sources */ = {isa = PBXBuildFile; fileRef = 0B58C6712D82B6B10098C4AA /* Api_Testing_Prj.xcdatamodeld */; };
		0B58C6752D82B6B80098C4AA /* Assets.xcassets in Resources */ = {isa = PBXBuildFile; fileRef = 0B58C6742D82B6B80098C4AA /* Assets.xcassets */; };
		0B58C6782D82B6B80098C4AA /* LaunchScreen.storyboard in Resources */ = {isa = PBXBuildFile; fileRef = 0B58C6762D82B6B80098C4AA /* LaunchScreen.storyboard */; };
		0B58C6832D82B6B90098C4AA /* Api_Testing_PrjTests.swift in Sources */ = {isa = PBXBuildFile; fileRef = 0B58C6822D82B6B90098C4AA /* Api_Testing_PrjTests.swift */; };
		0B58C68D2D82B6BA0098C4AA /* Api_Testing_PrjUITests.swift in Sources */ = {isa = PBXBuildFile; fileRef = 0B58C68C2D82B6BA0098C4AA /* Api_Testing_PrjUITests.swift */; };
		0B58C68F2D82B6BA0098C4AA /* Api_Testing_PrjUITestsLaunchTests.swift in Sources */ = {isa = PBXBuildFile; fileRef = 0B58C68E2D82B6BA0098C4AA /* Api_Testing_PrjUITestsLaunchTests.swift */; };
/* End PBXBuildFile section */

/* Begin PBXContainerItemProxy section */
		0B58C67F2D82B6B90098C4AA /* PBXContainerItemProxy */ = {
			isa = PBXContainerItemProxy;
			containerPortal = 0B58C65D2D82B6B10098C4AA /* Project object */;
			proxyType = 1;
			remoteGlobalIDString = 0B58C6642D82B6B10098C4AA;
			remoteInfo = "Api-Testing-Prj";
		};
		0B58C6892D82B6BA0098C4AA /* PBXContainerItemProxy */ = {
			isa = PBXContainerItemProxy;
			containerPortal = 0B58C65D2D82B6B10098C4AA /* Project object */;
			proxyType = 1;
			remoteGlobalIDString = 0B58C6642D82B6B10098C4AA;
			remoteInfo = "Api-Testing-Prj";
		};
/* End PBXContainerItemProxy section */

/* Begin PBXFileReference section */
		0B58C6652D82B6B10098C4AA /* Api-Testing-Prj.app */ = {isa = PBXFileReference; explicitFileType = wrapper.application; includeInIndex = 0; path = "Api-Testing-Prj.app"; sourceTree = BUILT_PRODUCTS_DIR; };
		0B58C6682D82B6B10098C4AA /* AppDelegate.swift */ = {isa = PBXFileReference; lastKnownFileType = sourcecode.swift; path = AppDelegate.swift; sourceTree = "<group>"; };
		0B58C66A2D82B6B10098C4AA /* SceneDelegate.swift */ = {isa = PBXFileReference; lastKnownFileType = sourcecode.swift; path = SceneDelegate.swift; sourceTree = "<group>"; };
		0B58C66C2D82B6B10098C4AA /* ViewController.swift */ = {isa = PBXFileReference; lastKnownFileType = sourcecode.swift; path = ViewController.swift; sourceTree = "<group>"; };
		0B58C66F2D82B6B10098C4AA /* Base */ = {isa = PBXFileReference; lastKnownFileType = file.storyboard; name = Base; path = Base.lproj/Main.storyboard; sourceTree = "<group>"; };
		0B58C6722D82B6B10098C4AA /* Api_Testing_Prj.xcdatamodel */ = {isa = PBXFileReference; lastKnownFileType = wrapper.xcdatamodel; path = Api_Testing_Prj.xcdatamodel; sourceTree = "<group>"; };
		0B58C6742D82B6B80098C4AA /* Assets.xcassets */ = {isa = PBXFileReference; lastKnownFileType = folder.assetcatalog; path = Assets.xcassets; sourceTree = "<group>"; };
		0B58C6772D82B6B80098C4AA /* Base */ = {isa = PBXFileReference; lastKnownFileType = file.storyboard; name = Base; path = Base.lproj/LaunchScreen.storyboard; sourceTree = "<group>"; };
		0B58C6792D82B6B80098C4AA /* Info.plist */ = {isa = PBXFileReference; lastKnownFileType = text.plist.xml; path = Info.plist; sourceTree = "<group>"; };
		0B58C67E2D82B6B90098C4AA /* Api-Testing-PrjTests.xctest */ = {isa = PBXFileReference; explicitFileType = wrapper.cfbundle; includeInIndex = 0; path = "Api-Testing-PrjTests.xctest"; sourceTree = BUILT_PRODUCTS_DIR; };
		0B58C6822D82B6B90098C4AA /* Api_Testing_PrjTests.swift */ = {isa = PBXFileReference; lastKnownFileType = sourcecode.swift; path = Api_Testing_PrjTests.swift; sourceTree = "<group>"; };
		0B58C6882D82B6BA0098C4AA /* Api-Testing-PrjUITests.xctest */ = {isa = PBXFileReference; explicitFileType = wrapper.cfbundle; includeInIndex = 0; path = "Api-Testing-PrjUITests.xctest"; sourceTree = BUILT_PRODUCTS_DIR; };
		0B58C68C2D82B6BA0098C4AA /* Api_Testing_PrjUITests.swift */ = {isa = PBXFileReference; lastKnownFileType = sourcecode.swift; path = Api_Testing_PrjUITests.swift; sourceTree = "<group>"; };
		0B58C68E2D82B6BA0098C4AA /* Api_Testing_PrjUITestsLaunchTests.swift */ = {isa = PBXFileReference; lastKnownFileType = sourcecode.swift; path = Api_Testing_PrjUITestsLaunchTests.swift; sourceTree = "<group>"; };
/* End PBXFileReference section */

/* Begin PBXFrameworksBuildPhase section */
		0B58C6622D82B6B10098C4AA /* Frameworks */ = {
			isa = PBXFrameworksBuildPhase;
			buildActionMask = 2147483647;
			files = (
			);
			runOnlyForDeploymentPostprocessing = 0;
		};
		0B58C67B2D82B6B90098C4AA /* Frameworks */ = {
			isa = PBXFrameworksBuildPhase;
			buildActionMask = 2147483647;
			files = (
			);
			runOnlyForDeploymentPostprocessing = 0;
		};
		0B58C6852D82B6BA0098C4AA /* Frameworks */ = {
			isa = PBXFrameworksBuildPhase;
			buildActionMask = 2147483647;
			files = (
			);
			runOnlyForDeploymentPostprocessing = 0;
		};
/* End PBXFrameworksBuildPhase section */

/* Begin PBXGroup section */
		0B58C65C2D82B6B10098C4AA = {
			isa = PBXGroup;
			children = (
				0B58C6672D82B6B10098C4AA /* Api-Testing-Prj */,
				0B58C6812D82B6B90098C4AA /* Api-Testing-PrjTests */,
				0B58C68B2D82B6BA0098C4AA /* Api-Testing-PrjUITests */,
				0B58C6662D82B6B10098C4AA /* Products */,
			);
			sourceTree = "<group>";
		};
		0B58C6662D82B6B10098C4AA /* Products */ = {
			isa = PBXGroup;
			children = (
				0B58C6652D82B6B10098C4AA /* Api-Testing-Prj.app */,
				0B58C67E2D82B6B90098C4AA /* Api-Testing-PrjTests.xctest */,
				0B58C6882D82B6BA0098C4AA /* Api-Testing-PrjUITests.xctest */,
			);
			name = Products;
			sourceTree = "<group>";
		};
		0B58C6672D82B6B10098C4AA /* Api-Testing-Prj */ = {
			isa = PBXGroup;
			children = (
				0B58C6682D82B6B10098C4AA /* AppDelegate.swift */,
				0B58C66A2D82B6B10098C4AA /* SceneDelegate.swift */,
				0B58C66C2D82B6B10098C4AA /* ViewController.swift */,
				0B58C66E2D82B6B10098C4AA /* Main.storyboard */,
				0B58C6742D82B6B80098C4AA /* Assets.xcassets */,
				0B58C6762D82B6B80098C4AA /* LaunchScreen.storyboard */,
				0B58C6792D82B6B80098C4AA /* Info.plist */,
				0B58C6712D82B6B10098C4AA /* Api_Testing_Prj.xcdatamodeld */,
			);
			path = "Api-Testing-Prj";
			sourceTree = "<group>";
		};
		0B58C6812D82B6B90098C4AA /* Api-Testing-PrjTests */ = {
			isa = PBXGroup;
			children = (
				0B58C6822D82B6B90098C4AA /* Api_Testing_PrjTests.swift */,
			);
			path = "Api-Testing-PrjTests";
			sourceTree = "<group>";
		};
		0B58C68B2D82B6BA0098C4AA /* Api-Testing-PrjUITests */ = {
			isa = PBXGroup;
			children = (
				0B58C68C2D82B6BA0098C4AA /* Api_Testing_PrjUITests.swift */,
				0B58C68E2D82B6BA0098C4AA /* Api_Testing_PrjUITestsLaunchTests.swift */,
			);
			path = "Api-Testing-PrjUITests";
			sourceTree = "<group>";
		};
/* End PBXGroup section */

/* Begin PBXNativeTarget section */
		0B58C6642D82B6B10098C4AA /* Api-Testing-Prj */ = {
			isa = PBXNativeTarget;
			buildConfigurationList = 0B58C6922D82B6BA0098C4AA /* Build configuration list for PBXNativeTarget "Api-Testing-Prj" */;
			buildPhases = (
				0B58C6612D82B6B10098C4AA /* Sources */,
				0B58C6622D82B6B10098C4AA /* Frameworks */,
				0B58C6632D82B6B10098C4AA /* Resources */,
			);
			buildRules = (
			);
			dependencies = (
			);
			name = "Api-Testing-Prj";
			productName = "Api-Testing-Prj";
			productReference = 0B58C6652D82B6B10098C4AA /* Api-Testing-Prj.app */;
			productType = "com.apple.product-type.application";
		};
		0B58C67D2D82B6B90098C4AA /* Api-Testing-PrjTests */ = {
			isa = PBXNativeTarget;
			buildConfigurationList = 0B58C6952D82B6BA0098C4AA /* Build configuration list for PBXNativeTarget "Api-Testing-PrjTests" */;
			buildPhases = (
				0B58C67A2D82B6B90098C4AA /* Sources */,
				0B58C67B2D82B6B90098C4AA /* Frameworks */,
				0B58C67C2D82B6B90098C4AA /* Resources */,
			);
			buildRules = (
			);
			dependencies = (
				0B58C6802D82B6B90098C4AA /* PBXTargetDependency */,
			);
			name = "Api-Testing-PrjTests";
			productName = "Api-Testing-PrjTests";
			productReference = 0B58C67E2D82B6B90098C4AA /* Api-Testing-PrjTests.xctest */;
			productType = "com.apple.product-type.bundle.unit-test";
		};
		0B58C6872D82B6BA0098C4AA /* Api-Testing-PrjUITests */ = {
			isa = PBXNativeTarget;
			buildConfigurationList = 0B58C6982D82B6BA0098C4AA /* Build configuration list for PBXNativeTarget "Api-Testing-PrjUITests" */;
			buildPhases = (
				0B58C6842D82B6BA0098C4AA /* Sources */,
				0B58C6852D82B6BA0098C4AA /* Frameworks */,
				0B58C6862D82B6BA0098C4AA /* Resources */,
			);
			buildRules = (
			);
			dependencies = (
				0B58C68A2D82B6BA0098C4AA /* PBXTargetDependency */,
			);
			name = "Api-Testing-PrjUITests";
			productName = "Api-Testing-PrjUITests";
			productReference = 0B58C6882D82B6BA0098C4AA /* Api-Testing-PrjUITests.xctest */;
			productType = "com.apple.product-type.bundle.ui-testing";
		};
/* End PBXNativeTarget section */

/* Begin PBXProject section */
		0B58C65D2D82B6B10098C4AA /* Project object */ = {
			isa = PBXProject;
			attributes = {
				BuildIndependentTargetsInParallel = 1;
				LastSwiftUpdateCheck = 1420;
				LastUpgradeCheck = 1420;
				TargetAttributes = {
					0B58C6642D82B6B10098C4AA = {
						CreatedOnToolsVersion = 14.2;
					};
					0B58C67D2D82B6B90098C4AA = {
						CreatedOnToolsVersion = 14.2;
						TestTargetID = 0B58C6642D82B6B10098C4AA;
					};
					0B58C6872D82B6BA0098C4AA = {
						CreatedOnToolsVersion = 14.2;
						TestTargetID = 0B58C6642D82B6B10098C4AA;
					};
				};
			};
			buildConfigurationList = 0B58C6602D82B6B10098C4AA /* Build configuration list for PBXProject "Api-Testing-Prj" */;
			compatibilityVersion = "Xcode 14.0";
			developmentRegion = en;
			hasScannedForEncodings = 0;
			knownRegions = (
				en,
				Base,
			);
			mainGroup = 0B58C65C2D82B6B10098C4AA;
			productRefGroup = 0B58C6662D82B6B10098C4AA /* Products */;
			projectDirPath = "";
			projectRoot = "";
			targets = (
				0B58C6642D82B6B10098C4AA /* Api-Testing-Prj */,
				0B58C67D2D82B6B90098C4AA /* Api-Testing-PrjTests */,
				0B58C6872D82B6BA0098C4AA /* Api-Testing-PrjUITests */,
			);
		};
/* End PBXProject section */

/* Begin PBXResourcesBuildPhase section */
		0B58C6632D82B6B10098C4AA /* Resources */ = {
			isa = PBXResourcesBuildPhase;
			buildActionMask = 2147483647;
			files = (
				0B58C6782D82B6B80098C4AA /* LaunchScreen.storyboard in Resources */,
				0B58C6752D82B6B80098C4AA /* Assets.xcassets in Resources */,
				0B58C6702D82B6B10098C4AA /* Main.storyboard in Resources */,
			);
			runOnlyForDeploymentPostprocessing = 0;
		};
		0B58C67C2D82B6B90098C4AA /* Resources */ = {
			isa = PBXResourcesBuildPhase;
			buildActionMask = 2147483647;
			files = (
			);
			runOnlyForDeploymentPostprocessing = 0;
		};
		0B58C6862D82B6BA0098C4AA /* Resources */ = {
			isa = PBXResourcesBuildPhase;
			buildActionMask = 2147483647;
			files = (
			);
			runOnlyForDeploymentPostprocessing = 0;
		};
/* End PBXResourcesBuildPhase section */

/* Begin PBXSourcesBuildPhase section */
		0B58C6612D82B6B10098C4AA /* Sources */ = {
			isa = PBXSourcesBuildPhase;
			buildActionMask = 2147483647;
			files = (
				0B58C66D2D82B6B10098C4AA /* ViewController.swift in Sources */,
				0B58C6692D82B6B10098C4AA /* AppDelegate.swift in Sources */,
				0B58C6732D82B6B10098C4AA /* Api_Testing_Prj.xcdatamodeld in Sources */,
				0B58C66B2D82B6B10098C4AA /* SceneDelegate.swift in Sources */,
			);
			runOnlyForDeploymentPostprocessing = 0;
		};
		0B58C67A2D82B6B90098C4AA /* Sources */ = {
			isa = PBXSourcesBuildPhase;
			buildActionMask = 2147483647;
			files = (
				0B58C6832D82B6B90098C4AA /* Api_Testing_PrjTests.swift in Sources */,
			);
			runOnlyForDeploymentPostprocessing = 0;
		};
		0B58C6842D82B6BA0098C4AA /* Sources */ = {
			isa = PBXSourcesBuildPhase;
			buildActionMask = 2147483647;
			files = (
				0B58C68D2D82B6BA0098C4AA /* Api_Testing_PrjUITests.swift in Sources */,
				0B58C68F2D82B6BA0098C4AA /* Api_Testing_PrjUITestsLaunchTests.swift in Sources */,
			);
			runOnlyForDeploymentPostprocessing = 0;
		};
/* End PBXSourcesBuildPhase section */

/* Begin PBXTargetDependency section */
		0B58C6802D82B6B90098C4AA /* PBXTargetDependency */ = {
			isa = PBXTargetDependency;
			target = 0B58C6642D82B6B10098C4AA /* Api-Testing-Prj */;
			targetProxy = 0B58C67F2D82B6B90098C4AA /* PBXContainerItemProxy */;
		};
		0B58C68A2D82B6BA0098C4AA /* PBXTargetDependency */ = {
			isa = PBXTargetDependency;
			target = 0B58C6642D82B6B10098C4AA /* Api-Testing-Prj */;
			targetProxy = 0B58C6892D82B6BA0098C4AA /* PBXContainerItemProxy */;
		};
/* End PBXTargetDependency section */

/* Begin PBXVariantGroup section */
		0B58C66E2D82B6B10098C4AA /* Main.storyboard */ = {
			isa = PBXVariantGroup;
			children = (
				0B58C66F2D82B6B10098C4AA /* Base */,
			);
			name = Main.storyboard;
			sourceTree = "<group>";
		};
		0B58C6762D82B6B80098C4AA /* LaunchScreen.storyboard */ = {
			isa = PBXVariantGroup;
			children = (
				0B58C6772D82B6B80098C4AA /* Base */,
			);
			name = LaunchScreen.storyboard;
			sourceTree = "<group>";
		};
/* End PBXVariantGroup section */

/* Begin XCBuildConfiguration section */
		0B58C6902D82B6BA0098C4AA /* Debug */ = {
			isa = XCBuildConfiguration;
			buildSettings = {
				ALWAYS_SEARCH_USER_PATHS = NO;
				CLANG_ANALYZER_NONNULL = YES;
				CLANG_ANALYZER_NUMBER_OBJECT_CONVERSION = YES_AGGRESSIVE;
				CLANG_CXX_LANGUAGE_STANDARD = "gnu++20";
				CLANG_ENABLE_MODULES = YES;
				CLANG_ENABLE_OBJC_ARC = YES;
				CLANG_ENABLE_OBJC_WEAK = YES;
				CLANG_WARN_BLOCK_CAPTURE_AUTORELEASING = YES;
				CLANG_WARN_BOOL_CONVERSION = YES;
				CLANG_WARN_COMMA = YES;
				CLANG_WARN_CONSTANT_CONVERSION = YES;
				CLANG_WARN_DEPRECATED_OBJC_IMPLEMENTATIONS = YES;
				CLANG_WARN_DIRECT_OBJC_ISA_USAGE = YES_ERROR;
				CLANG_WARN_DOCUMENTATION_COMMENTS = YES;
				CLANG_WARN_EMPTY_BODY = YES;
				CLANG_WARN_ENUM_CONVERSION = YES;
				CLANG_WARN_INFINITE_RECURSION = YES;
				CLANG_WARN_INT_CONVERSION = YES;
				CLANG_WARN_NON_LITERAL_NULL_CONVERSION = YES;
				CLANG_WARN_OBJC_IMPLICIT_RETAIN_SELF = YES;
				CLANG_WARN_OBJC_LITERAL_CONVERSION = YES;
				CLANG_WARN_OBJC_ROOT_CLASS = YES_ERROR;
				CLANG_WARN_QUOTED_INCLUDE_IN_FRAMEWORK_HEADER = YES;
				CLANG_WARN_RANGE_LOOP_ANALYSIS = YES;
				CLANG_WARN_STRICT_PROTOTYPES = YES;
				CLANG_WARN_SUSPICIOUS_MOVE = YES;
				CLANG_WARN_UNGUARDED_AVAILABILITY = YES_AGGRESSIVE;
				CLANG_WARN_UNREACHABLE_CODE = YES;
				CLANG_WARN__DUPLICATE_METHOD_MATCH = YES;
				COPY_PHASE_STRIP = NO;
				DEBUG_INFORMATION_FORMAT = dwarf;
				ENABLE_STRICT_OBJC_MSGSEND = YES;
				ENABLE_TESTABILITY = YES;
				GCC_C_LANGUAGE_STANDARD = gnu11;
				GCC_DYNAMIC_NO_PIC = NO;
				GCC_NO_COMMON_BLOCKS = YES;
				GCC_OPTIMIZATION_LEVEL = 0;
				GCC_PREPROCESSOR_DEFINITIONS = (
					"DEBUG=1",
					"$(inherited)",
				);
				GCC_WARN_64_TO_32_BIT_CONVERSION = YES;
				GCC_WARN_ABOUT_RETURN_TYPE = YES_ERROR;
				GCC_WARN_UNDECLARED_SELECTOR = YES;
				GCC_WARN_UNINITIALIZED_AUTOS = YES_AGGRESSIVE;
				GCC_WARN_UNUSED_FUNCTION = YES;
				GCC_WARN_UNUSED_VARIABLE = YES;
				IPHONEOS_DEPLOYMENT_TARGET = 16.2;
				MTL_ENABLE_DEBUG_INFO = INCLUDE_SOURCE;
				MTL_FAST_MATH = YES;
				ONLY_ACTIVE_ARCH = YES;
				SDKROOT = iphoneos;
				SWIFT_ACTIVE_COMPILATION_CONDITIONS = DEBUG;
				SWIFT_OPTIMIZATION_LEVEL = "-Onone";
			};
			name = Debug;
		};
		0B58C6912D82B6BA0098C4AA /* Release */ = {
			isa = XCBuildConfiguration;
			buildSettings = {
				ALWAYS_SEARCH_USER_PATHS = NO;
				CLANG_ANALYZER_NONNULL = YES;
				CLANG_ANALYZER_NUMBER_OBJECT_CONVERSION = YES_AGGRESSIVE;
				CLANG_CXX_LANGUAGE_STANDARD = "gnu++20";
				CLANG_ENABLE_MODULES = YES;
				CLANG_ENABLE_OBJC_ARC = YES;
				CLANG_ENABLE_OBJC_WEAK = YES;
				CLANG_WARN_BLOCK_CAPTURE_AUTORELEASING = YES;
				CLANG_WARN_BOOL_CONVERSION = YES;
				CLANG_WARN_COMMA = YES;
				CLANG_WARN_CONSTANT_CONVERSION = YES;
				CLANG_WARN_DEPRECATED_OBJC_IMPLEMENTATIONS = YES;
				CLANG_WARN_DIRECT_OBJC_ISA_USAGE = YES_ERROR;
				CLANG_WARN_DOCUMENTATION_COMMENTS = YES;
				CLANG_WARN_EMPTY_BODY = YES;
				CLANG_WARN_ENUM_CONVERSION = YES;
				CLANG_WARN_INFINITE_RECURSION = YES;
				CLANG_WARN_INT_CONVERSION = YES;
				CLANG_WARN_NON_LITERAL_NULL_CONVERSION = YES;
				CLANG_WARN_OBJC_IMPLICIT_RETAIN_SELF = YES;
				CLANG_WARN_OBJC_LITERAL_CONVERSION = YES;
				CLANG_WARN_OBJC_ROOT_CLASS = YES_ERROR;
				CLANG_WARN_QUOTED_INCLUDE_IN_FRAMEWORK_HEADER = YES;
				CLANG_WARN_RANGE_LOOP_ANALYSIS = YES;
				CLANG_WARN_STRICT_PROTOTYPES = YES;
				CLANG_WARN_SUSPICIOUS_MOVE = YES;
				CLANG_WARN_UNGUARDED_AVAILABILITY = YES_AGGRESSIVE;
				CLANG_WARN_UNREACHABLE_CODE = YES;
				CLANG_WARN__DUPLICATE_METHOD_MATCH = YES;
				COPY_PHASE_STRIP = NO;
				DEBUG_INFORMATION_FORMAT = "dwarf-with-dsym";
				ENABLE_NS_ASSERTIONS = NO;
				ENABLE_STRICT_OBJC_MSGSEND = YES;
				GCC_C_LANGUAGE_STANDARD = gnu11;
				GCC_NO_COMMON_BLOCKS = YES;
				GCC_WARN_64_TO_32_BIT_CONVERSION = YES;
				GCC_WARN_ABOUT_RETURN_TYPE = YES_ERROR;
				GCC_WARN_UNDECLARED_SELECTOR = YES;
				GCC_WARN_UNINITIALIZED_AUTOS = YES_AGGRESSIVE;
				GCC_WARN_UNUSED_FUNCTION = YES;
				GCC_WARN_UNUSED_VARIABLE = YES;
				IPHONEOS_DEPLOYMENT_TARGET = 16.2;
				MTL_ENABLE_DEBUG_INFO = NO;
				MTL_FAST_MATH = YES;
				SDKROOT = iphoneos;
				SWIFT_COMPILATION_MODE = wholemodule;
				SWIFT_OPTIMIZATION_LEVEL = "-O";
				VALIDATE_PRODUCT = YES;
			};
			name = Release;
		};
		0B58C6932D82B6BA0098C4AA /* Debug */ = {
			isa = XCBuildConfiguration;
			buildSettings = {
				ASSETCATALOG_COMPILER_APPICON_NAME = AppIcon;
				ASSETCATALOG_COMPILER_GLOBAL_ACCENT_COLOR_NAME = AccentColor;
				CODE_SIGN_STYLE = Automatic;
				CURRENT_PROJECT_VERSION = 1;
				GENERATE_INFOPLIST_FILE = YES;
				INFOPLIST_FILE = "Api-Testing-Prj/Info.plist";
				INFOPLIST_KEY_UIApplicationSupportsIndirectInputEvents = YES;
				INFOPLIST_KEY_UILaunchStoryboardName = LaunchScreen;
				INFOPLIST_KEY_UIMainStoryboardFile = Main;
				INFOPLIST_KEY_UISupportedInterfaceOrientations_iPad = "UIInterfaceOrientationPortrait UIInterfaceOrientationPortraitUpsideDown UIInterfaceOrientationLandscapeLeft UIInterfaceOrientationLandscapeRight";
				INFOPLIST_KEY_UISupportedInterfaceOrientations_iPhone = "UIInterfaceOrientationPortrait UIInterfaceOrientationLandscapeLeft UIInterfaceOrientationLandscapeRight";
				LD_RUNPATH_SEARCH_PATHS = (
					"$(inherited)",
					"@executable_path/Frameworks",
				);
				MARKETING_VERSION = 1.0;
				PRODUCT_BUNDLE_IDENTIFIER = "IPH.Api-Testing-Prj";
				PRODUCT_NAME = "$(TARGET_NAME)";
				SWIFT_EMIT_LOC_STRINGS = YES;
				SWIFT_VERSION = 5.0;
				TARGETED_DEVICE_FAMILY = "1,2";
			};
			name = Debug;
		};
		0B58C6942D82B6BA0098C4AA /* Release */ = {
			isa = XCBuildConfiguration;
			buildSettings = {
				ASSETCATALOG_COMPILER_APPICON_NAME = AppIcon;
				ASSETCATALOG_COMPILER_GLOBAL_ACCENT_COLOR_NAME = AccentColor;
				CODE_SIGN_STYLE = Automatic;
				CURRENT_PROJECT_VERSION = 1;
				GENERATE_INFOPLIST_FILE = YES;
				INFOPLIST_FILE = "Api-Testing-Prj/Info.plist";
				INFOPLIST_KEY_UIApplicationSupportsIndirectInputEvents = YES;
				INFOPLIST_KEY_UILaunchStoryboardName = LaunchScreen;
				INFOPLIST_KEY_UIMainStoryboardFile = Main;
				INFOPLIST_KEY_UISupportedInterfaceOrientations_iPad = "UIInterfaceOrientationPortrait UIInterfaceOrientationPortraitUpsideDown UIInterfaceOrientationLandscapeLeft UIInterfaceOrientationLandscapeRight";
				INFOPLIST_KEY_UISupportedInterfaceOrientations_iPhone = "UIInterfaceOrientationPortrait UIInterfaceOrientationLandscapeLeft UIInterfaceOrientationLandscapeRight";
				LD_RUNPATH_SEARCH_PATHS = (
					"$(inherited)",
					"@executable_path/Frameworks",
				);
				MARKETING_VERSION = 1.0;
				PRODUCT_BUNDLE_IDENTIFIER = "IPH.Api-Testing-Prj";
				PRODUCT_NAME = "$(TARGET_NAME)";
				SWIFT_EMIT_LOC_STRINGS = YES;
				SWIFT_VERSION = 5.0;
				TARGETED_DEVICE_FAMILY = "1,2";
			};
			name = Release;
		};
		0B58C6962D82B6BA0098C4AA /* Debug */ = {
			isa = XCBuildConfiguration;
			buildSettings = {
				ALWAYS_EMBED_SWIFT_STANDARD_LIBRARIES = YES;
				BUNDLE_LOADER = "$(TEST_HOST)";
				CODE_SIGN_STYLE = Automatic;
				CURRENT_PROJECT_VERSION = 1;
				GENERATE_INFOPLIST_FILE = YES;
				IPHONEOS_DEPLOYMENT_TARGET = 16.2;
				MARKETING_VERSION = 1.0;
				PRODUCT_BUNDLE_IDENTIFIER = "IPH.Api-Testing-PrjTests";
				PRODUCT_NAME = "$(TARGET_NAME)";
				SWIFT_EMIT_LOC_STRINGS = NO;
				SWIFT_VERSION = 5.0;
				TARGETED_DEVICE_FAMILY = "1,2";
				TEST_HOST = "$(BUILT_PRODUCTS_DIR)/Api-Testing-Prj.app/$(BUNDLE_EXECUTABLE_FOLDER_PATH)/Api-Testing-Prj";
			};
			name = Debug;
		};
		0B58C6972D82B6BA0098C4AA /* Release */ = {
			isa = XCBuildConfiguration;
			buildSettings = {
				ALWAYS_EMBED_SWIFT_STANDARD_LIBRARIES = YES;
				BUNDLE_LOADER = "$(TEST_HOST)";
				CODE_SIGN_STYLE = Automatic;
				CURRENT_PROJECT_VERSION = 1;
				GENERATE_INFOPLIST_FILE = YES;
				IPHONEOS_DEPLOYMENT_TARGET = 16.2;
				MARKETING_VERSION = 1.0;
				PRODUCT_BUNDLE_IDENTIFIER = "IPH.Api-Testing-PrjTests";
				PRODUCT_NAME = "$(TARGET_NAME)";
				SWIFT_EMIT_LOC_STRINGS = NO;
				SWIFT_VERSION = 5.0;
				TARGETED_DEVICE_FAMILY = "1,2";
				TEST_HOST = "$(BUILT_PRODUCTS_DIR)/Api-Testing-Prj.app/$(BUNDLE_EXECUTABLE_FOLDER_PATH)/Api-Testing-Prj";
			};
			name = Release;
		};
		0B58C6992D82B6BA0098C4AA /* Debug */ = {
			isa = XCBuildConfiguration;
			buildSettings = {
				ALWAYS_EMBED_SWIFT_STANDARD_LIBRARIES = YES;
				CODE_SIGN_STYLE = Automatic;
				CURRENT_PROJECT_VERSION = 1;
				GENERATE_INFOPLIST_FILE = YES;
				MARKETING_VERSION = 1.0;
				PRODUCT_BUNDLE_IDENTIFIER = "IPH.Api-Testing-PrjUITests";
				PRODUCT_NAME = "$(TARGET_NAME)";
				SWIFT_EMIT_LOC_STRINGS = NO;
				SWIFT_VERSION = 5.0;
				TARGETED_DEVICE_FAMILY = "1,2";
				TEST_TARGET_NAME = "Api-Testing-Prj";
			};
			name = Debug;
		};
		0B58C69A2D82B6BA0098C4AA /* Release */ = {
			isa = XCBuildConfiguration;
			buildSettings = {
				ALWAYS_EMBED_SWIFT_STANDARD_LIBRARIES = YES;
				CODE_SIGN_STYLE = Automatic;
				CURRENT_PROJECT_VERSION = 1;
				GENERATE_INFOPLIST_FILE = YES;
				MARKETING_VERSION = 1.0;
				PRODUCT_BUNDLE_IDENTIFIER = "IPH.Api-Testing-PrjUITests";
				PRODUCT_NAME = "$(TARGET_NAME)";
				SWIFT_EMIT_LOC_STRINGS = NO;
				SWIFT_VERSION = 5.0;
				TARGETED_DEVICE_FAMILY = "1,2";
				TEST_TARGET_NAME = "Api-Testing-Prj";
			};
			name = Release;
		};
/* End XCBuildConfiguration section */

/* Begin XCConfigurationList section */
		0B58C6602D82B6B10098C4AA /* Build configuration list for PBXProject "Api-Testing-Prj" */ = {
			isa = XCConfigurationList;
			buildConfigurations = (
				0B58C6902D82B6BA0098C4AA /* Debug */,
				0B58C6912D82B6BA0098C4AA /* Release */,
			);
			defaultConfigurationIsVisible = 0;
			defaultConfigurationName = Release;
		};
		0B58C6922D82B6BA0098C4AA /* Build configuration list for PBXNativeTarget "Api-Testing-Prj" */ = {
			isa = XCConfigurationList;
			buildConfigurations = (
				0B58C6932D82B6BA0098C4AA /* Debug */,
				0B58C6942D82B6BA0098C4AA /* Release */,
			);
			defaultConfigurationIsVisible = 0;
			defaultConfigurationName = Release;
		};
		0B58C6952D82B6BA0098C4AA /* Build configuration list for PBXNativeTarget "Api-Testing-PrjTests" */ = {
			isa = XCConfigurationList;
			buildConfigurations = (
				0B58C6962D82B6BA0098C4AA /* Debug */,
				0B58C6972D82B6BA0098C4AA /* Release */,
			);
			defaultConfigurationIsVisible = 0;
			defaultConfigurationName = Release;
		};
		0B58C6982D82B6BA0098C4AA /* Build configuration list for PBXNativeTarget "Api-Testing-PrjUITests" */ = {
			isa = XCConfigurationList;
			buildConfigurations = (
				0B58C6992D82B6BA0098C4AA /* Debug */,
				0B58C69A2D82B6BA0098C4AA /* Release */,
			);
			defaultConfigurationIsVisible = 0;
			defaultConfigurationName = Release;
		};
/* End XCConfigurationList section */

/* Begin XCVersionGroup section */
		0B58C6712D82B6B10098C4AA /* Api_Testing_Prj.xcdatamodeld */ = {
			isa = XCVersionGroup;
			children = (
				0B58C6722D82B6B10098C4AA /* Api_Testing_Prj.xcdatamodel */,
			);
			currentVersion = 0B58C6722D82B6B10098C4AA /* Api_Testing_Prj.xcdatamodel */;
			path = Api_Testing_Prj.xcdatamodeld;
			sourceTree = "<group>";
			versionGroupType = wrapper.xcdatamodel;
		};
/* End XCVersionGroup section */
	};
	rootObject = 0B58C65D2D82B6B10098C4AA /* Project object */;
}
