// !$*UTF8*$!
{
	archiveVersion = 1;
	classes = {
	};
	objectVersion = 56;
	objects = {

/* Begin PBXBuildFile section */
		0B9519792D8D65190066E962 /* AppDelegate.swift in Sources */ = {isa = PBXBuildFile; fileRef = 0B9519782D8D65190066E962 /* AppDelegate.swift */; };
		0B95197B2D8D65190066E962 /* SceneDelegate.swift in Sources */ = {isa = PBXBuildFile; fileRef = 0B95197A2D8D65190066E962 /* SceneDelegate.swift */; };
		0B95197D2D8D65190066E962 /* ViewController.swift in Sources */ = {isa = PBXBuildFile; fileRef = 0B95197C2D8D65190066E962 /* ViewController.swift */; };
		0B9519802D8D65190066E962 /* Main.storyboard in Resources */ = {isa = PBXBuildFile; fileRef = 0B95197E2D8D65190066E962 /* Main.storyboard */; };
		0B9519822D8D651D0066E962 /* Assets.xcassets in Resources */ = {isa = PBXBuildFile; fileRef = 0B9519812D8D651D0066E962 /* Assets.xcassets */; };
		0B9519852D8D651D0066E962 /* LaunchScreen.storyboard in Resources */ = {isa = PBXBuildFile; fileRef = 0B9519832D8D651D0066E962 /* LaunchScreen.storyboard */; };
		0B9519902D8D651D0066E962 /* DemoUITestScrollViewTests.swift in Sources */ = {isa = PBXBuildFile; fileRef = 0B95198F2D8D651D0066E962 /* DemoUITestScrollViewTests.swift */; };
		0B95199A2D8D651D0066E962 /* DemoUITestScrollViewUITests.swift in Sources */ = {isa = PBXBuildFile; fileRef = 0B9519992D8D651D0066E962 /* DemoUITestScrollViewUITests.swift */; };
		0B95199C2D8D651D0066E962 /* DemoUITestScrollViewUITestsLaunchTests.swift in Sources */ = {isa = PBXBuildFile; fileRef = 0B95199B2D8D651D0066E962 /* DemoUITestScrollViewUITestsLaunchTests.swift */; };
/* End PBXBuildFile section */

/* Begin PBXContainerItemProxy section */
		0B95198C2D8D651D0066E962 /* PBXContainerItemProxy */ = {
			isa = PBXContainerItemProxy;
			containerPortal = 0B95196D2D8D65190066E962 /* Project object */;
			proxyType = 1;
			remoteGlobalIDString = 0B9519742D8D65190066E962;
			remoteInfo = DemoUITestScrollView;
		};
		0B9519962D8D651D0066E962 /* PBXContainerItemProxy */ = {
			isa = PBXContainerItemProxy;
			containerPortal = 0B95196D2D8D65190066E962 /* Project object */;
			proxyType = 1;
			remoteGlobalIDString = 0B9519742D8D65190066E962;
			remoteInfo = DemoUITestScrollView;
		};
/* End PBXContainerItemProxy section */

/* Begin PBXFileReference section */
		0B9519752D8D65190066E962 /* DemoUITestScrollView.app */ = {isa = PBXFileReference; explicitFileType = wrapper.application; includeInIndex = 0; path = DemoUITestScrollView.app; sourceTree = BUILT_PRODUCTS_DIR; };
		0B9519782D8D65190066E962 /* AppDelegate.swift */ = {isa = PBXFileReference; lastKnownFileType = sourcecode.swift; path = AppDelegate.swift; sourceTree = "<group>"; };
		0B95197A2D8D65190066E962 /* SceneDelegate.swift */ = {isa = PBXFileReference; lastKnownFileType = sourcecode.swift; path = SceneDelegate.swift; sourceTree = "<group>"; };
		0B95197C2D8D65190066E962 /* ViewController.swift */ = {isa = PBXFileReference; lastKnownFileType = sourcecode.swift; path = ViewController.swift; sourceTree = "<group>"; };
		0B95197F2D8D65190066E962 /* Base */ = {isa = PBXFileReference; lastKnownFileType = file.storyboard; name = Base; path = Base.lproj/Main.storyboard; sourceTree = "<group>"; };
		0B9519812D8D651D0066E962 /* Assets.xcassets */ = {isa = PBXFileReference; lastKnownFileType = folder.assetcatalog; path = Assets.xcassets; sourceTree = "<group>"; };
		0B9519842D8D651D0066E962 /* Base */ = {isa = PBXFileReference; lastKnownFileType = file.storyboard; name = Base; path = Base.lproj/LaunchScreen.storyboard; sourceTree = "<group>"; };
		0B9519862D8D651D0066E962 /* Info.plist */ = {isa = PBXFileReference; lastKnownFileType = text.plist.xml; path = Info.plist; sourceTree = "<group>"; };
		0B95198B2D8D651D0066E962 /* DemoUITestScrollViewTests.xctest */ = {isa = PBXFileReference; explicitFileType = wrapper.cfbundle; includeInIndex = 0; path = DemoUITestScrollViewTests.xctest; sourceTree = BUILT_PRODUCTS_DIR; };
		0B95198F2D8D651D0066E962 /* DemoUITestScrollViewTests.swift */ = {isa = PBXFileReference; lastKnownFileType = sourcecode.swift; path = DemoUITestScrollViewTests.swift; sourceTree = "<group>"; };
		0B9519952D8D651D0066E962 /* DemoUITestScrollViewUITests.xctest */ = {isa = PBXFileReference; explicitFileType = wrapper.cfbundle; includeInIndex = 0; path = DemoUITestScrollViewUITests.xctest; sourceTree = BUILT_PRODUCTS_DIR; };
		0B9519992D8D651D0066E962 /* DemoUITestScrollViewUITests.swift */ = {isa = PBXFileReference; lastKnownFileType = sourcecode.swift; path = DemoUITestScrollViewUITests.swift; sourceTree = "<group>"; };
		0B95199B2D8D651D0066E962 /* DemoUITestScrollViewUITestsLaunchTests.swift */ = {isa = PBXFileReference; lastKnownFileType = sourcecode.swift; path = DemoUITestScrollViewUITestsLaunchTests.swift; sourceTree = "<group>"; };
/* End PBXFileReference section */

/* Begin PBXFrameworksBuildPhase section */
		0B9519722D8D65190066E962 /* Frameworks */ = {
			isa = PBXFrameworksBuildPhase;
			buildActionMask = 2147483647;
			files = (
			);
			runOnlyForDeploymentPostprocessing = 0;
		};
		0B9519882D8D651D0066E962 /* Frameworks */ = {
			isa = PBXFrameworksBuildPhase;
			buildActionMask = 2147483647;
			files = (
			);
			runOnlyForDeploymentPostprocessing = 0;
		};
		0B9519922D8D651D0066E962 /* Frameworks */ = {
			isa = PBXFrameworksBuildPhase;
			buildActionMask = 2147483647;
			files = (
			);
			runOnlyForDeploymentPostprocessing = 0;
		};
/* End PBXFrameworksBuildPhase section */

/* Begin PBXGroup section */
		0B95196C2D8D65190066E962 = {
			isa = PBXGroup;
			children = (
				0B9519772D8D65190066E962 /* DemoUITestScrollView */,
				0B95198E2D8D651D0066E962 /* DemoUITestScrollViewTests */,
				0B9519982D8D651D0066E962 /* DemoUITestScrollViewUITests */,
				0B9519762D8D65190066E962 /* Products */,
			);
			sourceTree = "<group>";
		};
		0B9519762D8D65190066E962 /* Products */ = {
			isa = PBXGroup;
			children = (
				0B9519752D8D65190066E962 /* DemoUITestScrollView.app */,
				0B95198B2D8D651D0066E962 /* DemoUITestScrollViewTests.xctest */,
				0B9519952D8D651D0066E962 /* DemoUITestScrollViewUITests.xctest */,
			);
			name = Products;
			sourceTree = "<group>";
		};
		0B9519772D8D65190066E962 /* DemoUITestScrollView */ = {
			isa = PBXGroup;
			children = (
				0B9519782D8D65190066E962 /* AppDelegate.swift */,
				0B95197A2D8D65190066E962 /* SceneDelegate.swift */,
				0B95197C2D8D65190066E962 /* ViewController.swift */,
				0B95197E2D8D65190066E962 /* Main.storyboard */,
				0B9519812D8D651D0066E962 /* Assets.xcassets */,
				0B9519832D8D651D0066E962 /* LaunchScreen.storyboard */,
				0B9519862D8D651D0066E962 /* Info.plist */,
			);
			path = DemoUITestScrollView;
			sourceTree = "<group>";
		};
		0B95198E2D8D651D0066E962 /* DemoUITestScrollViewTests */ = {
			isa = PBXGroup;
			children = (
				0B95198F2D8D651D0066E962 /* DemoUITestScrollViewTests.swift */,
			);
			path = DemoUITestScrollViewTests;
			sourceTree = "<group>";
		};
		0B9519982D8D651D0066E962 /* DemoUITestScrollViewUITests */ = {
			isa = PBXGroup;
			children = (
				0B9519992D8D651D0066E962 /* DemoUITestScrollViewUITests.swift */,
				0B95199B2D8D651D0066E962 /* DemoUITestScrollViewUITestsLaunchTests.swift */,
			);
			path = DemoUITestScrollViewUITests;
			sourceTree = "<group>";
		};
/* End PBXGroup section */

/* Begin PBXNativeTarget section */
		0B9519742D8D65190066E962 /* DemoUITestScrollView */ = {
			isa = PBXNativeTarget;
			buildConfigurationList = 0B95199F2D8D651D0066E962 /* Build configuration list for PBXNativeTarget "DemoUITestScrollView" */;
			buildPhases = (
				0B9519712D8D65190066E962 /* Sources */,
				0B9519722D8D65190066E962 /* Frameworks */,
				0B9519732D8D65190066E962 /* Resources */,
			);
			buildRules = (
			);
			dependencies = (
			);
			name = DemoUITestScrollView;
			productName = DemoUITestScrollView;
			productReference = 0B9519752D8D65190066E962 /* DemoUITestScrollView.app */;
			productType = "com.apple.product-type.application";
		};
		0B95198A2D8D651D0066E962 /* DemoUITestScrollViewTests */ = {
			isa = PBXNativeTarget;
			buildConfigurationList = 0B9519A22D8D651D0066E962 /* Build configuration list for PBXNativeTarget "DemoUITestScrollViewTests" */;
			buildPhases = (
				0B9519872D8D651D0066E962 /* Sources */,
				0B9519882D8D651D0066E962 /* Frameworks */,
				0B9519892D8D651D0066E962 /* Resources */,
			);
			buildRules = (
			);
			dependencies = (
				0B95198D2D8D651D0066E962 /* PBXTargetDependency */,
			);
			name = DemoUITestScrollViewTests;
			productName = DemoUITestScrollViewTests;
			productReference = 0B95198B2D8D651D0066E962 /* DemoUITestScrollViewTests.xctest */;
			productType = "com.apple.product-type.bundle.unit-test";
		};
		0B9519942D8D651D0066E962 /* DemoUITestScrollViewUITests */ = {
			isa = PBXNativeTarget;
			buildConfigurationList = 0B9519A52D8D651D0066E962 /* Build configuration list for PBXNativeTarget "DemoUITestScrollViewUITests" */;
			buildPhases = (
				0B9519912D8D651D0066E962 /* Sources */,
				0B9519922D8D651D0066E962 /* Frameworks */,
				0B9519932D8D651D0066E962 /* Resources */,
			);
			buildRules = (
			);
			dependencies = (
				0B9519972D8D651D0066E962 /* PBXTargetDependency */,
			);
			name = DemoUITestScrollViewUITests;
			productName = DemoUITestScrollViewUITests;
			productReference = 0B9519952D8D651D0066E962 /* DemoUITestScrollViewUITests.xctest */;
			productType = "com.apple.product-type.bundle.ui-testing";
		};
/* End PBXNativeTarget section */

/* Begin PBXProject section */
		0B95196D2D8D65190066E962 /* Project object */ = {
			isa = PBXProject;
			attributes = {
				BuildIndependentTargetsInParallel = 1;
				LastSwiftUpdateCheck = 1420;
				LastUpgradeCheck = 1420;
				TargetAttributes = {
					0B9519742D8D65190066E962 = {
						CreatedOnToolsVersion = 14.2;
					};
					0B95198A2D8D651D0066E962 = {
						CreatedOnToolsVersion = 14.2;
						TestTargetID = 0B9519742D8D65190066E962;
					};
					0B9519942D8D651D0066E962 = {
						CreatedOnToolsVersion = 14.2;
						TestTargetID = 0B9519742D8D65190066E962;
					};
				};
			};
			buildConfigurationList = 0B9519702D8D65190066E962 /* Build configuration list for PBXProject "DemoUITestScrollView" */;
			compatibilityVersion = "Xcode 14.0";
			developmentRegion = en;
			hasScannedForEncodings = 0;
			knownRegions = (
				en,
				Base,
			);
			mainGroup = 0B95196C2D8D65190066E962;
			productRefGroup = 0B9519762D8D65190066E962 /* Products */;
			projectDirPath = "";
			projectRoot = "";
			targets = (
				0B9519742D8D65190066E962 /* DemoUITestScrollView */,
				0B95198A2D8D651D0066E962 /* DemoUITestScrollViewTests */,
				0B9519942D8D651D0066E962 /* DemoUITestScrollViewUITests */,
			);
		};
/* End PBXProject section */

/* Begin PBXResourcesBuildPhase section */
		0B9519732D8D65190066E962 /* Resources */ = {
			isa = PBXResourcesBuildPhase;
			buildActionMask = 2147483647;
			files = (
				0B9519852D8D651D0066E962 /* LaunchScreen.storyboard in Resources */,
				0B9519822D8D651D0066E962 /* Assets.xcassets in Resources */,
				0B9519802D8D65190066E962 /* Main.storyboard in Resources */,
			);
			runOnlyForDeploymentPostprocessing = 0;
		};
		0B9519892D8D651D0066E962 /* Resources */ = {
			isa = PBXResourcesBuildPhase;
			buildActionMask = 2147483647;
			files = (
			);
			runOnlyForDeploymentPostprocessing = 0;
		};
		0B9519932D8D651D0066E962 /* Resources */ = {
			isa = PBXResourcesBuildPhase;
			buildActionMask = 2147483647;
			files = (
			);
			runOnlyForDeploymentPostprocessing = 0;
		};
/* End PBXResourcesBuildPhase section */

/* Begin PBXSourcesBuildPhase section */
		0B9519712D8D65190066E962 /* Sources */ = {
			isa = PBXSourcesBuildPhase;
			buildActionMask = 2147483647;
			files = (
				0B95197D2D8D65190066E962 /* ViewController.swift in Sources */,
				0B9519792D8D65190066E962 /* AppDelegate.swift in Sources */,
				0B95197B2D8D65190066E962 /* SceneDelegate.swift in Sources */,
			);
			runOnlyForDeploymentPostprocessing = 0;
		};
		0B9519872D8D651D0066E962 /* Sources */ = {
			isa = PBXSourcesBuildPhase;
			buildActionMask = 2147483647;
			files = (
				0B9519902D8D651D0066E962 /* DemoUITestScrollViewTests.swift in Sources */,
			);
			runOnlyForDeploymentPostprocessing = 0;
		};
		0B9519912D8D651D0066E962 /* Sources */ = {
			isa = PBXSourcesBuildPhase;
			buildActionMask = 2147483647;
			files = (
				0B95199A2D8D651D0066E962 /* DemoUITestScrollViewUITests.swift in Sources */,
				0B95199C2D8D651D0066E962 /* DemoUITestScrollViewUITestsLaunchTests.swift in Sources */,
			);
			runOnlyForDeploymentPostprocessing = 0;
		};
/* End PBXSourcesBuildPhase section */

/* Begin PBXTargetDependency section */
		0B95198D2D8D651D0066E962 /* PBXTargetDependency */ = {
			isa = PBXTargetDependency;
			target = 0B9519742D8D65190066E962 /* DemoUITestScrollView */;
			targetProxy = 0B95198C2D8D651D0066E962 /* PBXContainerItemProxy */;
		};
		0B9519972D8D651D0066E962 /* PBXTargetDependency */ = {
			isa = PBXTargetDependency;
			target = 0B9519742D8D65190066E962 /* DemoUITestScrollView */;
			targetProxy = 0B9519962D8D651D0066E962 /* PBXContainerItemProxy */;
		};
/* End PBXTargetDependency section */

/* Begin PBXVariantGroup section */
		0B95197E2D8D65190066E962 /* Main.storyboard */ = {
			isa = PBXVariantGroup;
			children = (
				0B95197F2D8D65190066E962 /* Base */,
			);
			name = Main.storyboard;
			sourceTree = "<group>";
		};
		0B9519832D8D651D0066E962 /* LaunchScreen.storyboard */ = {
			isa = PBXVariantGroup;
			children = (
				0B9519842D8D651D0066E962 /* Base */,
			);
			name = LaunchScreen.storyboard;
			sourceTree = "<group>";
		};
/* End PBXVariantGroup section */

/* Begin XCBuildConfiguration section */
		0B95199D2D8D651D0066E962 /* Debug */ = {
			isa = XCBuildConfiguration;
			buildSettings = {
				ALWAYS_SEARCH_USER_PATHS = NO;
				CLANG_ANALYZER_NONNULL = YES;
				CLANG_ANALYZER_NUMBER_OBJECT_CONVERSION = YES_AGGRESSIVE;
				CLANG_CXX_LANGUAGE_STANDARD = "gnu++20";
				CLANG_ENABLE_MODULES = YES;
				CLANG_ENABLE_OBJC_ARC = YES;
				CLANG_ENABLE_OBJC_WEAK = YES;
				CLANG_WARN_BLOCK_CAPTURE_AUTORELEASING = YES;
				CLANG_WARN_BOOL_CONVERSION = YES;
				CLANG_WARN_COMMA = YES;
				CLANG_WARN_CONSTANT_CONVERSION = YES;
				CLANG_WARN_DEPRECATED_OBJC_IMPLEMENTATIONS = YES;
				CLANG_WARN_DIRECT_OBJC_ISA_USAGE = YES_ERROR;
				CLANG_WARN_DOCUMENTATION_COMMENTS = YES;
				CLANG_WARN_EMPTY_BODY = YES;
				CLANG_WARN_ENUM_CONVERSION = YES;
				CLANG_WARN_INFINITE_RECURSION = YES;
				CLANG_WARN_INT_CONVERSION = YES;
				CLANG_WARN_NON_LITERAL_NULL_CONVERSION = YES;
				CLANG_WARN_OBJC_IMPLICIT_RETAIN_SELF = YES;
				CLANG_WARN_OBJC_LITERAL_CONVERSION = YES;
				CLANG_WARN_OBJC_ROOT_CLASS = YES_ERROR;
				CLANG_WARN_QUOTED_INCLUDE_IN_FRAMEWORK_HEADER = YES;
				CLANG_WARN_RANGE_LOOP_ANALYSIS = YES;
				CLANG_WARN_STRICT_PROTOTYPES = YES;
				CLANG_WARN_SUSPICIOUS_MOVE = YES;
				CLANG_WARN_UNGUARDED_AVAILABILITY = YES_AGGRESSIVE;
				CLANG_WARN_UNREACHABLE_CODE = YES;
				CLANG_WARN__DUPLICATE_METHOD_MATCH = YES;
				COPY_PHASE_STRIP = NO;
				DEBUG_INFORMATION_FORMAT = dwarf;
				ENABLE_STRICT_OBJC_MSGSEND = YES;
				ENABLE_TESTABILITY = YES;
				GCC_C_LANGUAGE_STANDARD = gnu11;
				GCC_DYNAMIC_NO_PIC = NO;
				GCC_NO_COMMON_BLOCKS = YES;
				GCC_OPTIMIZATION_LEVEL = 0;
				GCC_PREPROCESSOR_DEFINITIONS = (
					"DEBUG=1",
					"$(inherited)",
				);
				GCC_WARN_64_TO_32_BIT_CONVERSION = YES;
				GCC_WARN_ABOUT_RETURN_TYPE = YES_ERROR;
				GCC_WARN_UNDECLARED_SELECTOR = YES;
				GCC_WARN_UNINITIALIZED_AUTOS = YES_AGGRESSIVE;
				GCC_WARN_UNUSED_FUNCTION = YES;
				GCC_WARN_UNUSED_VARIABLE = YES;
				IPHONEOS_DEPLOYMENT_TARGET = 16.2;
				MTL_ENABLE_DEBUG_INFO = INCLUDE_SOURCE;
				MTL_FAST_MATH = YES;
				ONLY_ACTIVE_ARCH = YES;
				SDKROOT = iphoneos;
				SWIFT_ACTIVE_COMPILATION_CONDITIONS = DEBUG;
				SWIFT_OPTIMIZATION_LEVEL = "-Onone";
			};
			name = Debug;
		};
		0B95199E2D8D651D0066E962 /* Release */ = {
			isa = XCBuildConfiguration;
			buildSettings = {
				ALWAYS_SEARCH_USER_PATHS = NO;
				CLANG_ANALYZER_NONNULL = YES;
				CLANG_ANALYZER_NUMBER_OBJECT_CONVERSION = YES_AGGRESSIVE;
				CLANG_CXX_LANGUAGE_STANDARD = "gnu++20";
				CLANG_ENABLE_MODULES = YES;
				CLANG_ENABLE_OBJC_ARC = YES;
				CLANG_ENABLE_OBJC_WEAK = YES;
				CLANG_WARN_BLOCK_CAPTURE_AUTORELEASING = YES;
				CLANG_WARN_BOOL_CONVERSION = YES;
				CLANG_WARN_COMMA = YES;
				CLANG_WARN_CONSTANT_CONVERSION = YES;
				CLANG_WARN_DEPRECATED_OBJC_IMPLEMENTATIONS = YES;
				CLANG_WARN_DIRECT_OBJC_ISA_USAGE = YES_ERROR;
				CLANG_WARN_DOCUMENTATION_COMMENTS = YES;
				CLANG_WARN_EMPTY_BODY = YES;
				CLANG_WARN_ENUM_CONVERSION = YES;
				CLANG_WARN_INFINITE_RECURSION = YES;
				CLANG_WARN_INT_CONVERSION = YES;
				CLANG_WARN_NON_LITERAL_NULL_CONVERSION = YES;
				CLANG_WARN_OBJC_IMPLICIT_RETAIN_SELF = YES;
				CLANG_WARN_OBJC_LITERAL_CONVERSION = YES;
				CLANG_WARN_OBJC_ROOT_CLASS = YES_ERROR;
				CLANG_WARN_QUOTED_INCLUDE_IN_FRAMEWORK_HEADER = YES;
				CLANG_WARN_RANGE_LOOP_ANALYSIS = YES;
				CLANG_WARN_STRICT_PROTOTYPES = YES;
				CLANG_WARN_SUSPICIOUS_MOVE = YES;
				CLANG_WARN_UNGUARDED_AVAILABILITY = YES_AGGRESSIVE;
				CLANG_WARN_UNREACHABLE_CODE = YES;
				CLANG_WARN__DUPLICATE_METHOD_MATCH = YES;
				COPY_PHASE_STRIP = NO;
				DEBUG_INFORMATION_FORMAT = "dwarf-with-dsym";
				ENABLE_NS_ASSERTIONS = NO;
				ENABLE_STRICT_OBJC_MSGSEND = YES;
				GCC_C_LANGUAGE_STANDARD = gnu11;
				GCC_NO_COMMON_BLOCKS = YES;
				GCC_WARN_64_TO_32_BIT_CONVERSION = YES;
				GCC_WARN_ABOUT_RETURN_TYPE = YES_ERROR;
				GCC_WARN_UNDECLARED_SELECTOR = YES;
				GCC_WARN_UNINITIALIZED_AUTOS = YES_AGGRESSIVE;
				GCC_WARN_UNUSED_FUNCTION = YES;
				GCC_WARN_UNUSED_VARIABLE = YES;
				IPHONEOS_DEPLOYMENT_TARGET = 16.2;
				MTL_ENABLE_DEBUG_INFO = NO;
				MTL_FAST_MATH = YES;
				SDKROOT = iphoneos;
				SWIFT_COMPILATION_MODE = wholemodule;
				SWIFT_OPTIMIZATION_LEVEL = "-O";
				VALIDATE_PRODUCT = YES;
			};
			name = Release;
		};
		0B9519A02D8D651D0066E962 /* Debug */ = {
			isa = XCBuildConfiguration;
			buildSettings = {
				ASSETCATALOG_COMPILER_APPICON_NAME = AppIcon;
				ASSETCATALOG_COMPILER_GLOBAL_ACCENT_COLOR_NAME = AccentColor;
				CODE_SIGN_STYLE = Automatic;
				CURRENT_PROJECT_VERSION = 1;
				GENERATE_INFOPLIST_FILE = YES;
				INFOPLIST_FILE = DemoUITestScrollView/Info.plist;
				INFOPLIST_KEY_UIApplicationSupportsIndirectInputEvents = YES;
				INFOPLIST_KEY_UILaunchStoryboardName = LaunchScreen;
				INFOPLIST_KEY_UIMainStoryboardFile = Main;
				INFOPLIST_KEY_UISupportedInterfaceOrientations_iPad = "UIInterfaceOrientationPortrait UIInterfaceOrientationPortraitUpsideDown UIInterfaceOrientationLandscapeLeft UIInterfaceOrientationLandscapeRight";
				INFOPLIST_KEY_UISupportedInterfaceOrientations_iPhone = "UIInterfaceOrientationPortrait UIInterfaceOrientationLandscapeLeft UIInterfaceOrientationLandscapeRight";
				LD_RUNPATH_SEARCH_PATHS = (
					"$(inherited)",
					"@executable_path/Frameworks",
				);
				MARKETING_VERSION = 1.0;
				PRODUCT_BUNDLE_IDENTIFIER = IPH.DemoUITestScrollView;
				PRODUCT_NAME = "$(TARGET_NAME)";
				SWIFT_EMIT_LOC_STRINGS = YES;
				SWIFT_VERSION = 5.0;
				TARGETED_DEVICE_FAMILY = "1,2";
			};
			name = Debug;
		};
		0B9519A12D8D651D0066E962 /* Release */ = {
			isa = XCBuildConfiguration;
			buildSettings = {
				ASSETCATALOG_COMPILER_APPICON_NAME = AppIcon;
				ASSETCATALOG_COMPILER_GLOBAL_ACCENT_COLOR_NAME = AccentColor;
				CODE_SIGN_STYLE = Automatic;
				CURRENT_PROJECT_VERSION = 1;
				GENERATE_INFOPLIST_FILE = YES;
				INFOPLIST_FILE = DemoUITestScrollView/Info.plist;
				INFOPLIST_KEY_UIApplicationSupportsIndirectInputEvents = YES;
				INFOPLIST_KEY_UILaunchStoryboardName = LaunchScreen;
				INFOPLIST_KEY_UIMainStoryboardFile = Main;
				INFOPLIST_KEY_UISupportedInterfaceOrientations_iPad = "UIInterfaceOrientationPortrait UIInterfaceOrientationPortraitUpsideDown UIInterfaceOrientationLandscapeLeft UIInterfaceOrientationLandscapeRight";
				INFOPLIST_KEY_UISupportedInterfaceOrientations_iPhone = "UIInterfaceOrientationPortrait UIInterfaceOrientationLandscapeLeft UIInterfaceOrientationLandscapeRight";
				LD_RUNPATH_SEARCH_PATHS = (
					"$(inherited)",
					"@executable_path/Frameworks",
				);
				MARKETING_VERSION = 1.0;
				PRODUCT_BUNDLE_IDENTIFIER = IPH.DemoUITestScrollView;
				PRODUCT_NAME = "$(TARGET_NAME)";
				SWIFT_EMIT_LOC_STRINGS = YES;
				SWIFT_VERSION = 5.0;
				TARGETED_DEVICE_FAMILY = "1,2";
			};
			name = Release;
		};
		0B9519A32D8D651D0066E962 /* Debug */ = {
			isa = XCBuildConfiguration;
			buildSettings = {
				ALWAYS_EMBED_SWIFT_STANDARD_LIBRARIES = YES;
				BUNDLE_LOADER = "$(TEST_HOST)";
				CODE_SIGN_STYLE = Automatic;
				CURRENT_PROJECT_VERSION = 1;
				GENERATE_INFOPLIST_FILE = YES;
				IPHONEOS_DEPLOYMENT_TARGET = 16.2;
				MARKETING_VERSION = 1.0;
				PRODUCT_BUNDLE_IDENTIFIER = IPH.DemoUITestScrollViewTests;
				PRODUCT_NAME = "$(TARGET_NAME)";
				SWIFT_EMIT_LOC_STRINGS = NO;
				SWIFT_VERSION = 5.0;
				TARGETED_DEVICE_FAMILY = "1,2";
				TEST_HOST = "$(BUILT_PRODUCTS_DIR)/DemoUITestScrollView.app/$(BUNDLE_EXECUTABLE_FOLDER_PATH)/DemoUITestScrollView";
			};
			name = Debug;
		};
		0B9519A42D8D651D0066E962 /* Release */ = {
			isa = XCBuildConfiguration;
			buildSettings = {
				ALWAYS_EMBED_SWIFT_STANDARD_LIBRARIES = YES;
				BUNDLE_LOADER = "$(TEST_HOST)";
				CODE_SIGN_STYLE = Automatic;
				CURRENT_PROJECT_VERSION = 1;
				GENERATE_INFOPLIST_FILE = YES;
				IPHONEOS_DEPLOYMENT_TARGET = 16.2;
				MARKETING_VERSION = 1.0;
				PRODUCT_BUNDLE_IDENTIFIER = IPH.DemoUITestScrollViewTests;
				PRODUCT_NAME = "$(TARGET_NAME)";
				SWIFT_EMIT_LOC_STRINGS = NO;
				SWIFT_VERSION = 5.0;
				TARGETED_DEVICE_FAMILY = "1,2";
				TEST_HOST = "$(BUILT_PRODUCTS_DIR)/DemoUITestScrollView.app/$(BUNDLE_EXECUTABLE_FOLDER_PATH)/DemoUITestScrollView";
			};
			name = Release;
		};
		0B9519A62D8D651D0066E962 /* Debug */ = {
			isa = XCBuildConfiguration;
			buildSettings = {
				ALWAYS_EMBED_SWIFT_STANDARD_LIBRARIES = YES;
				CODE_SIGN_STYLE = Automatic;
				CURRENT_PROJECT_VERSION = 1;
				GENERATE_INFOPLIST_FILE = YES;
				MARKETING_VERSION = 1.0;
				PRODUCT_BUNDLE_IDENTIFIER = IPH.DemoUITestScrollViewUITests;
				PRODUCT_NAME = "$(TARGET_NAME)";
				SWIFT_EMIT_LOC_STRINGS = NO;
				SWIFT_VERSION = 5.0;
				TARGETED_DEVICE_FAMILY = "1,2";
				TEST_TARGET_NAME = DemoUITestScrollView;
			};
			name = Debug;
		};
		0B9519A72D8D651D0066E962 /* Release */ = {
			isa = XCBuildConfiguration;
			buildSettings = {
				ALWAYS_EMBED_SWIFT_STANDARD_LIBRARIES = YES;
				CODE_SIGN_STYLE = Automatic;
				CURRENT_PROJECT_VERSION = 1;
				GENERATE_INFOPLIST_FILE = YES;
				MARKETING_VERSION = 1.0;
				PRODUCT_BUNDLE_IDENTIFIER = IPH.DemoUITestScrollViewUITests;
				PRODUCT_NAME = "$(TARGET_NAME)";
				SWIFT_EMIT_LOC_STRINGS = NO;
				SWIFT_VERSION = 5.0;
				TARGETED_DEVICE_FAMILY = "1,2";
				TEST_TARGET_NAME = DemoUITestScrollView;
			};
			name = Release;
		};
/* End XCBuildConfiguration section */

/* Begin XCConfigurationList section */
		0B9519702D8D65190066E962 /* Build configuration list for PBXProject "DemoUITestScrollView" */ = {
			isa = XCConfigurationList;
			buildConfigurations = (
				0B95199D2D8D651D0066E962 /* Debug */,
				0B95199E2D8D651D0066E962 /* Release */,
			);
			defaultConfigurationIsVisible = 0;
			defaultConfigurationName = Release;
		};
		0B95199F2D8D651D0066E962 /* Build configuration list for PBXNativeTarget "DemoUITestScrollView" */ = {
			isa = XCConfigurationList;
			buildConfigurations = (
				0B9519A02D8D651D0066E962 /* Debug */,
				0B9519A12D8D651D0066E962 /* Release */,
			);
			defaultConfigurationIsVisible = 0;
			defaultConfigurationName = Release;
		};
		0B9519A22D8D651D0066E962 /* Build configuration list for PBXNativeTarget "DemoUITestScrollViewTests" */ = {
			isa = XCConfigurationList;
			buildConfigurations = (
				0B9519A32D8D651D0066E962 /* Debug */,
				0B9519A42D8D651D0066E962 /* Release */,
			);
			defaultConfigurationIsVisible = 0;
			defaultConfigurationName = Release;
		};
		0B9519A52D8D651D0066E962 /* Build configuration list for PBXNativeTarget "DemoUITestScrollViewUITests" */ = {
			isa = XCConfigurationList;
			buildConfigurations = (
				0B9519A62D8D651D0066E962 /* Debug */,
				0B9519A72D8D651D0066E962 /* Release */,
			);
			defaultConfigurationIsVisible = 0;
			defaultConfigurationName = Release;
		};
/* End XCConfigurationList section */
	};
	rootObject = 0B95196D2D8D65190066E962 /* Project object */;
}
